// !$*UTF8*$!
{
	archiveVersion = 1;
	classes = {
	};
	objectVersion = 48;
	objects = {

/* Begin PBXBuildFile section */
		2B1DDDB819F88567D8D9306D /* Pods_Forum.framework in Frameworks */ = {isa = PBXBuildFile; fileRef = 7F5CFB74D33018A4E8BF1853 /* Pods_Forum.framework */; };
		89103F2B1FCCAF27006913B5 /* CreateAccountVC.swift in Sources */ = {isa = PBXBuildFile; fileRef = 89103F2A1FCCAF27006913B5 /* CreateAccountVC.swift */; };
		891189511FCF4C2C0033BCA0 /* RoundedButton.swift in Sources */ = {isa = PBXBuildFile; fileRef = 891189501FCF4C2C0033BCA0 /* RoundedButton.swift */; };
		893682301FD1B3E50044557B /* UserDataService.swift in Sources */ = {isa = PBXBuildFile; fileRef = 8936822F1FD1B3E50044557B /* UserDataService.swift */; };
		897C19EF1FCE034100224561 /* AuthService.swift in Sources */ = {isa = PBXBuildFile; fileRef = 897C19EE1FCE034100224561 /* AuthService.swift */; };
		8999A2C21FCC274D0065F2CC /* SWRevealViewController.m in Sources */ = {isa = PBXBuildFile; fileRef = 8999A2C01FCC274D0065F2CC /* SWRevealViewController.m */; };
		8999A2C71FCC28A30065F2CC /* ChatVC.swift in Sources */ = {isa = PBXBuildFile; fileRef = 8999A2C61FCC28A30065F2CC /* ChatVC.swift */; };
		8999A2C91FCC28B40065F2CC /* ChanelVC.swift in Sources */ = {isa = PBXBuildFile; fileRef = 8999A2C81FCC28B40065F2CC /* ChanelVC.swift */; };
		8999A2CB1FCC388C0065F2CC /* GradientView.swift in Sources */ = {isa = PBXBuildFile; fileRef = 8999A2CA1FCC388C0065F2CC /* GradientView.swift */; };
		8999A2CE1FCC487E0065F2CC /* Constants.swift in Sources */ = {isa = PBXBuildFile; fileRef = 8999A2CD1FCC487E0065F2CC /* Constants.swift */; };
		8999A2D01FCC4D100065F2CC /* LoginVC.swift in Sources */ = {isa = PBXBuildFile; fileRef = 8999A2CF1FCC4D100065F2CC /* LoginVC.swift */; };
		89BB44551FCC25FE00247C92 /* AppDelegate.swift in Sources */ = {isa = PBXBuildFile; fileRef = 89BB44541FCC25FE00247C92 /* AppDelegate.swift */; };
		89BB445A1FCC25FE00247C92 /* Main.storyboard in Resources */ = {isa = PBXBuildFile; fileRef = 89BB44581FCC25FE00247C92 /* Main.storyboard */; };
		89BB445C1FCC25FE00247C92 /* Assets.xcassets in Resources */ = {isa = PBXBuildFile; fileRef = 89BB445B1FCC25FE00247C92 /* Assets.xcassets */; };
		89BB445F1FCC25FE00247C92 /* LaunchScreen.storyboard in Resources */ = {isa = PBXBuildFile; fileRef = 89BB445D1FCC25FE00247C92 /* LaunchScreen.storyboard */; };
/* End PBXBuildFile section */

/* Begin PBXFileReference section */
		5568CAFEAE0B0E40729B2432 /* Pods-Forum.release.xcconfig */ = {isa = PBXFileReference; includeInIndex = 1; lastKnownFileType = text.xcconfig; name = "Pods-Forum.release.xcconfig"; path = "Pods/Target Support Files/Pods-Forum/Pods-Forum.release.xcconfig"; sourceTree = "<group>"; };
		7F5CFB74D33018A4E8BF1853 /* Pods_Forum.framework */ = {isa = PBXFileReference; explicitFileType = wrapper.framework; includeInIndex = 0; path = Pods_Forum.framework; sourceTree = BUILT_PRODUCTS_DIR; };
		89103F2A1FCCAF27006913B5 /* CreateAccountVC.swift */ = {isa = PBXFileReference; lastKnownFileType = sourcecode.swift; path = CreateAccountVC.swift; sourceTree = "<group>"; };
		891189501FCF4C2C0033BCA0 /* RoundedButton.swift */ = {isa = PBXFileReference; lastKnownFileType = sourcecode.swift; path = RoundedButton.swift; sourceTree = "<group>"; };
		8936822F1FD1B3E50044557B /* UserDataService.swift */ = {isa = PBXFileReference; lastKnownFileType = sourcecode.swift; path = UserDataService.swift; sourceTree = "<group>"; };
		897C19EE1FCE034100224561 /* AuthService.swift */ = {isa = PBXFileReference; lastKnownFileType = sourcecode.swift; path = AuthService.swift; sourceTree = "<group>"; };
		8999A2BF1FCC274C0065F2CC /* Forum-Bridging-Header.h */ = {isa = PBXFileReference; lastKnownFileType = sourcecode.c.h; path = "Forum-Bridging-Header.h"; sourceTree = "<group>"; };
		8999A2C01FCC274D0065F2CC /* SWRevealViewController.m */ = {isa = PBXFileReference; fileEncoding = 4; lastKnownFileType = sourcecode.c.objc; path = SWRevealViewController.m; sourceTree = "<group>"; };
		8999A2C11FCC274D0065F2CC /* SWRevealViewController.h */ = {isa = PBXFileReference; fileEncoding = 4; lastKnownFileType = sourcecode.c.h; path = SWRevealViewController.h; sourceTree = "<group>"; };
		8999A2C61FCC28A30065F2CC /* ChatVC.swift */ = {isa = PBXFileReference; lastKnownFileType = sourcecode.swift; path = ChatVC.swift; sourceTree = "<group>"; };
		8999A2C81FCC28B40065F2CC /* ChanelVC.swift */ = {isa = PBXFileReference; lastKnownFileType = sourcecode.swift; path = ChanelVC.swift; sourceTree = "<group>"; };
		8999A2CA1FCC388C0065F2CC /* GradientView.swift */ = {isa = PBXFileReference; lastKnownFileType = sourcecode.swift; path = GradientView.swift; sourceTree = "<group>"; };
		8999A2CD1FCC487E0065F2CC /* Constants.swift */ = {isa = PBXFileReference; lastKnownFileType = sourcecode.swift; path = Constants.swift; sourceTree = "<group>"; };
		8999A2CF1FCC4D100065F2CC /* LoginVC.swift */ = {isa = PBXFileReference; lastKnownFileType = sourcecode.swift; path = LoginVC.swift; sourceTree = "<group>"; };
		89BB44511FCC25FE00247C92 /* Forum.app */ = {isa = PBXFileReference; explicitFileType = wrapper.application; includeInIndex = 0; path = Forum.app; sourceTree = BUILT_PRODUCTS_DIR; };
		89BB44541FCC25FE00247C92 /* AppDelegate.swift */ = {isa = PBXFileReference; lastKnownFileType = sourcecode.swift; path = AppDelegate.swift; sourceTree = "<group>"; };
		89BB44591FCC25FE00247C92 /* Base */ = {isa = PBXFileReference; lastKnownFileType = file.storyboard; name = Base; path = Base.lproj/Main.storyboard; sourceTree = "<group>"; };
		89BB445B1FCC25FE00247C92 /* Assets.xcassets */ = {isa = PBXFileReference; lastKnownFileType = folder.assetcatalog; path = Assets.xcassets; sourceTree = "<group>"; };
		89BB445E1FCC25FE00247C92 /* Base */ = {isa = PBXFileReference; lastKnownFileType = file.storyboard; name = Base; path = Base.lproj/LaunchScreen.storyboard; sourceTree = "<group>"; };
		89BB44601FCC25FE00247C92 /* Info.plist */ = {isa = PBXFileReference; lastKnownFileType = text.plist.xml; path = Info.plist; sourceTree = "<group>"; };
		97965A8D1FB972FC62F6C815 /* Pods-Forum.debug.xcconfig */ = {isa = PBXFileReference; includeInIndex = 1; lastKnownFileType = text.xcconfig; name = "Pods-Forum.debug.xcconfig"; path = "Pods/Target Support Files/Pods-Forum/Pods-Forum.debug.xcconfig"; sourceTree = "<group>"; };
/* End PBXFileReference section */

/* Begin PBXFrameworksBuildPhase section */
		89BB444E1FCC25FE00247C92 /* Frameworks */ = {
			isa = PBXFrameworksBuildPhase;
			buildActionMask = 2147483647;
			files = (
				2B1DDDB819F88567D8D9306D /* Pods_Forum.framework in Frameworks */,
			);
			runOnlyForDeploymentPostprocessing = 0;
		};
/* End PBXFrameworksBuildPhase section */

/* Begin PBXGroup section */
		21848BC232E15AC0EE5944BA /* Frameworks */ = {
			isa = PBXGroup;
			children = (
				7F5CFB74D33018A4E8BF1853 /* Pods_Forum.framework */,
			);
			name = Frameworks;
			sourceTree = "<group>";
		};
		897C19ED1FCE032800224561 /* Services */ = {
			isa = PBXGroup;
			children = (
				897C19EE1FCE034100224561 /* AuthService.swift */,
				8936822F1FD1B3E50044557B /* UserDataService.swift */,
			);
			path = Services;
			sourceTree = "<group>";
		};
		8999A2C31FCC28080065F2CC /* Model */ = {
			isa = PBXGroup;
			children = (
			);
			path = Model;
			sourceTree = "<group>";
		};
		8999A2C41FCC28340065F2CC /* View */ = {
			isa = PBXGroup;
			children = (
				8999A2CA1FCC388C0065F2CC /* GradientView.swift */,
				891189501FCF4C2C0033BCA0 /* RoundedButton.swift */,
			);
			path = View;
			sourceTree = "<group>";
		};
		8999A2C51FCC28380065F2CC /* Controller */ = {
			isa = PBXGroup;
			children = (
				8999A2C61FCC28A30065F2CC /* ChatVC.swift */,
				8999A2C81FCC28B40065F2CC /* ChanelVC.swift */,
				8999A2CF1FCC4D100065F2CC /* LoginVC.swift */,
				89103F2A1FCCAF27006913B5 /* CreateAccountVC.swift */,
			);
			path = Controller;
			sourceTree = "<group>";
		};
		8999A2CC1FCC48630065F2CC /* Utilities */ = {
			isa = PBXGroup;
			children = (
				8999A2CD1FCC487E0065F2CC /* Constants.swift */,
			);
			path = Utilities;
			sourceTree = "<group>";
		};
		89BB44481FCC25FE00247C92 = {
			isa = PBXGroup;
			children = (
				89BB44531FCC25FE00247C92 /* Forum */,
				89BB44521FCC25FE00247C92 /* Products */,
				9146B3BFFEFE6316391EA9EF /* Pods */,
				21848BC232E15AC0EE5944BA /* Frameworks */,
			);
			sourceTree = "<group>";
		};
		89BB44521FCC25FE00247C92 /* Products */ = {
			isa = PBXGroup;
			children = (
				89BB44511FCC25FE00247C92 /* Forum.app */,
			);
			name = Products;
			sourceTree = "<group>";
		};
		89BB44531FCC25FE00247C92 /* Forum */ = {
			isa = PBXGroup;
			children = (
				897C19ED1FCE032800224561 /* Services */,
				8999A2CC1FCC48630065F2CC /* Utilities */,
				8999A2C51FCC28380065F2CC /* Controller */,
				8999A2C41FCC28340065F2CC /* View */,
				8999A2C31FCC28080065F2CC /* Model */,
				89BB44661FCC262200247C92 /* Supporting Files */,
				89BB44541FCC25FE00247C92 /* AppDelegate.swift */,
				89BB44581FCC25FE00247C92 /* Main.storyboard */,
				89BB445B1FCC25FE00247C92 /* Assets.xcassets */,
				89BB445D1FCC25FE00247C92 /* LaunchScreen.storyboard */,
				89BB44601FCC25FE00247C92 /* Info.plist */,
			);
			path = Forum;
			sourceTree = "<group>";
		};
		89BB44661FCC262200247C92 /* Supporting Files */ = {
			isa = PBXGroup;
			children = (
				8999A2C11FCC274D0065F2CC /* SWRevealViewController.h */,
				8999A2C01FCC274D0065F2CC /* SWRevealViewController.m */,
				8999A2BF1FCC274C0065F2CC /* Forum-Bridging-Header.h */,
			);
			path = "Supporting Files";
			sourceTree = "<group>";
		};
		9146B3BFFEFE6316391EA9EF /* Pods */ = {
			isa = PBXGroup;
			children = (
				97965A8D1FB972FC62F6C815 /* Pods-Forum.debug.xcconfig */,
				5568CAFEAE0B0E40729B2432 /* Pods-Forum.release.xcconfig */,
			);
			name = Pods;
			sourceTree = "<group>";
		};
/* End PBXGroup section */

/* Begin PBXNativeTarget section */
		89BB44501FCC25FE00247C92 /* Forum */ = {
			isa = PBXNativeTarget;
			buildConfigurationList = 89BB44631FCC25FE00247C92 /* Build configuration list for PBXNativeTarget "Forum" */;
			buildPhases = (
				CB0A77BA376D9912C13B90FF /* [CP] Check Pods Manifest.lock */,
				89BB444D1FCC25FE00247C92 /* Sources */,
				89BB444E1FCC25FE00247C92 /* Frameworks */,
				89BB444F1FCC25FE00247C92 /* Resources */,
				DBAF70157412113A55A69D14 /* [CP] Embed Pods Frameworks */,
				C8B9EADE06EE2E4861FAE14E /* [CP] Copy Pods Resources */,
			);
			buildRules = (
			);
			dependencies = (
			);
			name = Forum;
			productName = Forum;
			productReference = 89BB44511FCC25FE00247C92 /* Forum.app */;
			productType = "com.apple.product-type.application";
		};
/* End PBXNativeTarget section */

/* Begin PBXProject section */
		89BB44491FCC25FE00247C92 /* Project object */ = {
			isa = PBXProject;
			attributes = {
				LastSwiftUpdateCheck = 0910;
				LastUpgradeCheck = 0910;
				ORGANIZATIONNAME = "Ervin Pepic";
				TargetAttributes = {
					89BB44501FCC25FE00247C92 = {
						CreatedOnToolsVersion = 9.1;
						LastSwiftMigration = 0910;
						ProvisioningStyle = Automatic;
					};
				};
			};
			buildConfigurationList = 89BB444C1FCC25FE00247C92 /* Build configuration list for PBXProject "Forum" */;
			compatibilityVersion = "Xcode 8.0";
			developmentRegion = en;
			hasScannedForEncodings = 0;
			knownRegions = (
				en,
				Base,
			);
			mainGroup = 89BB44481FCC25FE00247C92;
			productRefGroup = 89BB44521FCC25FE00247C92 /* Products */;
			projectDirPath = "";
			projectRoot = "";
			targets = (
				89BB44501FCC25FE00247C92 /* Forum */,
			);
		};
/* End PBXProject section */

/* Begin PBXResourcesBuildPhase section */
		89BB444F1FCC25FE00247C92 /* Resources */ = {
			isa = PBXResourcesBuildPhase;
			buildActionMask = 2147483647;
			files = (
				89BB445F1FCC25FE00247C92 /* LaunchScreen.storyboard in Resources */,
				89BB445C1FCC25FE00247C92 /* Assets.xcassets in Resources */,
				89BB445A1FCC25FE00247C92 /* Main.storyboard in Resources */,
			);
			runOnlyForDeploymentPostprocessing = 0;
		};
/* End PBXResourcesBuildPhase section */

/* Begin PBXShellScriptBuildPhase section */
		C8B9EADE06EE2E4861FAE14E /* [CP] Copy Pods Resources */ = {
			isa = PBXShellScriptBuildPhase;
			buildActionMask = 2147483647;
			files = (
			);
			inputPaths = (
			);
			name = "[CP] Copy Pods Resources";
			outputPaths = (
			);
			runOnlyForDeploymentPostprocessing = 0;
			shellPath = /bin/sh;
			shellScript = "\"${SRCROOT}/Pods/Target Support Files/Pods-Forum/Pods-Forum-resources.sh\"\n";
			showEnvVarsInLog = 0;
		};
		CB0A77BA376D9912C13B90FF /* [CP] Check Pods Manifest.lock */ = {
			isa = PBXShellScriptBuildPhase;
			buildActionMask = 2147483647;
			files = (
			);
			inputPaths = (
			);
			name = "[CP] Check Pods Manifest.lock";
			outputPaths = (
			);
			runOnlyForDeploymentPostprocessing = 0;
			shellPath = /bin/sh;
			shellScript = "diff \"${PODS_ROOT}/../Podfile.lock\" \"${PODS_ROOT}/Manifest.lock\" > /dev/null\nif [ $? != 0 ] ; then\n    # print error to STDERR\n    echo \"error: The sandbox is not in sync with the Podfile.lock. Run 'pod install' or update your CocoaPods installation.\" >&2\n    exit 1\nfi\n";
			showEnvVarsInLog = 0;
		};
		DBAF70157412113A55A69D14 /* [CP] Embed Pods Frameworks */ = {
			isa = PBXShellScriptBuildPhase;
			buildActionMask = 2147483647;
			files = (
			);
			inputPaths = (
			);
			name = "[CP] Embed Pods Frameworks";
			outputPaths = (
			);
			runOnlyForDeploymentPostprocessing = 0;
			shellPath = /bin/sh;
			shellScript = "\"${SRCROOT}/Pods/Target Support Files/Pods-Forum/Pods-Forum-frameworks.sh\"\n";
			showEnvVarsInLog = 0;
		};
/* End PBXShellScriptBuildPhase section */

/* Begin PBXSourcesBuildPhase section */
		89BB444D1FCC25FE00247C92 /* Sources */ = {
			isa = PBXSourcesBuildPhase;
			buildActionMask = 2147483647;
			files = (
				8999A2C71FCC28A30065F2CC /* ChatVC.swift in Sources */,
				891189511FCF4C2C0033BCA0 /* RoundedButton.swift in Sources */,
				8999A2C91FCC28B40065F2CC /* ChanelVC.swift in Sources */,
				893682301FD1B3E50044557B /* UserDataService.swift in Sources */,
				89103F2B1FCCAF27006913B5 /* CreateAccountVC.swift in Sources */,
				897C19EF1FCE034100224561 /* AuthService.swift in Sources */,
				8999A2D01FCC4D100065F2CC /* LoginVC.swift in Sources */,
				8999A2CB1FCC388C0065F2CC /* GradientView.swift in Sources */,
				89BB44551FCC25FE00247C92 /* AppDelegate.swift in Sources */,
				8999A2C21FCC274D0065F2CC /* SWRevealViewController.m in Sources */,
				8999A2CE1FCC487E0065F2CC /* Constants.swift in Sources */,
			);
			runOnlyForDeploymentPostprocessing = 0;
		};
/* End PBXSourcesBuildPhase section */

/* Begin PBXVariantGroup section */
		89BB44581FCC25FE00247C92 /* Main.storyboard */ = {
			isa = PBXVariantGroup;
			children = (
				89BB44591FCC25FE00247C92 /* Base */,
			);
			name = Main.storyboard;
			sourceTree = "<group>";
		};
		89BB445D1FCC25FE00247C92 /* LaunchScreen.storyboard */ = {
			isa = PBXVariantGroup;
			children = (
				89BB445E1FCC25FE00247C92 /* Base */,
			);
			name = LaunchScreen.storyboard;
			sourceTree = "<group>";
		};
/* End PBXVariantGroup section */

/* Begin XCBuildConfiguration section */
		89BB44611FCC25FE00247C92 /* Debug */ = {
			isa = XCBuildConfiguration;
			buildSettings = {
				ALWAYS_SEARCH_USER_PATHS = NO;
				CLANG_ANALYZER_NONNULL = YES;
				CLANG_ANALYZER_NUMBER_OBJECT_CONVERSION = YES_AGGRESSIVE;
				CLANG_CXX_LANGUAGE_STANDARD = "gnu++14";
				CLANG_CXX_LIBRARY = "libc++";
				CLANG_ENABLE_MODULES = YES;
				CLANG_ENABLE_OBJC_ARC = YES;
				CLANG_WARN_BLOCK_CAPTURE_AUTORELEASING = YES;
				CLANG_WARN_BOOL_CONVERSION = YES;
				CLANG_WARN_COMMA = YES;
				CLANG_WARN_CONSTANT_CONVERSION = YES;
				CLANG_WARN_DIRECT_OBJC_ISA_USAGE = YES_ERROR;
				CLANG_WARN_DOCUMENTATION_COMMENTS = YES;
				CLANG_WARN_EMPTY_BODY = YES;
				CLANG_WARN_ENUM_CONVERSION = YES;
				CLANG_WARN_INFINITE_RECURSION = YES;
				CLANG_WARN_INT_CONVERSION = YES;
				CLANG_WARN_NON_LITERAL_NULL_CONVERSION = YES;
				CLANG_WARN_OBJC_LITERAL_CONVERSION = YES;
				CLANG_WARN_OBJC_ROOT_CLASS = YES_ERROR;
				CLANG_WARN_RANGE_LOOP_ANALYSIS = YES;
				CLANG_WARN_STRICT_PROTOTYPES = YES;
				CLANG_WARN_SUSPICIOUS_MOVE = YES;
				CLANG_WARN_UNGUARDED_AVAILABILITY = YES_AGGRESSIVE;
				CLANG_WARN_UNREACHABLE_CODE = YES;
				CLANG_WARN__DUPLICATE_METHOD_MATCH = YES;
				CODE_SIGN_IDENTITY = "iPhone Developer";
				COPY_PHASE_STRIP = NO;
				DEBUG_INFORMATION_FORMAT = dwarf;
				ENABLE_STRICT_OBJC_MSGSEND = YES;
				ENABLE_TESTABILITY = YES;
				GCC_C_LANGUAGE_STANDARD = gnu11;
				GCC_DYNAMIC_NO_PIC = NO;
				GCC_NO_COMMON_BLOCKS = YES;
				GCC_OPTIMIZATION_LEVEL = 0;
				GCC_PREPROCESSOR_DEFINITIONS = (
					"DEBUG=1",
					"$(inherited)",
				);
				GCC_WARN_64_TO_32_BIT_CONVERSION = YES;
				GCC_WARN_ABOUT_RETURN_TYPE = YES_ERROR;
				GCC_WARN_UNDECLARED_SELECTOR = YES;
				GCC_WARN_UNINITIALIZED_AUTOS = YES_AGGRESSIVE;
				GCC_WARN_UNUSED_FUNCTION = YES;
				GCC_WARN_UNUSED_VARIABLE = YES;
				IPHONEOS_DEPLOYMENT_TARGET = 11.1;
				MTL_ENABLE_DEBUG_INFO = YES;
				ONLY_ACTIVE_ARCH = YES;
				SDKROOT = iphoneos;
				SWIFT_ACTIVE_COMPILATION_CONDITIONS = DEBUG;
				SWIFT_OPTIMIZATION_LEVEL = "-Onone";
			};
			name = Debug;
		};
		89BB44621FCC25FE00247C92 /* Release */ = {
			isa = XCBuildConfiguration;
			buildSettings = {
				ALWAYS_SEARCH_USER_PATHS = NO;
				CLANG_ANALYZER_NONNULL = YES;
				CLANG_ANALYZER_NUMBER_OBJECT_CONVERSION = YES_AGGRESSIVE;
				CLANG_CXX_LANGUAGE_STANDARD = "gnu++14";
				CLANG_CXX_LIBRARY = "libc++";
				CLANG_ENABLE_MODULES = YES;
				CLANG_ENABLE_OBJC_ARC = YES;
				CLANG_WARN_BLOCK_CAPTURE_AUTORELEASING = YES;
				CLANG_WARN_BOOL_CONVERSION = YES;
				CLANG_WARN_COMMA = YES;
				CLANG_WARN_CONSTANT_CONVERSION = YES;
				CLANG_WARN_DIRECT_OBJC_ISA_USAGE = YES_ERROR;
				CLANG_WARN_DOCUMENTATION_COMMENTS = YES;
				CLANG_WARN_EMPTY_BODY = YES;
				CLANG_WARN_ENUM_CONVERSION = YES;
				CLANG_WARN_INFINITE_RECURSION = YES;
				CLANG_WARN_INT_CONVERSION = YES;
				CLANG_WARN_NON_LITERAL_NULL_CONVERSION = YES;
				CLANG_WARN_OBJC_LITERAL_CONVERSION = YES;
				CLANG_WARN_OBJC_ROOT_CLASS = YES_ERROR;
				CLANG_WARN_RANGE_LOOP_ANALYSIS = YES;
				CLANG_WARN_STRICT_PROTOTYPES = YES;
				CLANG_WARN_SUSPICIOUS_MOVE = YES;
				CLANG_WARN_UNGUARDED_AVAILABILITY = YES_AGGRESSIVE;
				CLANG_WARN_UNREACHABLE_CODE = YES;
				CLANG_WARN__DUPLICATE_METHOD_MATCH = YES;
				CODE_SIGN_IDENTITY = "iPhone Developer";
				COPY_PHASE_STRIP = NO;
				DEBUG_INFORMATION_FORMAT = "dwarf-with-dsym";
				ENABLE_NS_ASSERTIONS = NO;
				ENABLE_STRICT_OBJC_MSGSEND = YES;
				GCC_C_LANGUAGE_STANDARD = gnu11;
				GCC_NO_COMMON_BLOCKS = YES;
				GCC_WARN_64_TO_32_BIT_CONVERSION = YES;
				GCC_WARN_ABOUT_RETURN_TYPE = YES_ERROR;
				GCC_WARN_UNDECLARED_SELECTOR = YES;
				GCC_WARN_UNINITIALIZED_AUTOS = YES_AGGRESSIVE;
				GCC_WARN_UNUSED_FUNCTION = YES;
				GCC_WARN_UNUSED_VARIABLE = YES;
				IPHONEOS_DEPLOYMENT_TARGET = 11.1;
				MTL_ENABLE_DEBUG_INFO = NO;
				SDKROOT = iphoneos;
				SWIFT_OPTIMIZATION_LEVEL = "-Owholemodule";
				VALIDATE_PRODUCT = YES;
			};
			name = Release;
		};
		89BB44641FCC25FE00247C92 /* Debug */ = {
			isa = XCBuildConfiguration;
			baseConfigurationReference = 97965A8D1FB972FC62F6C815 /* Pods-Forum.debug.xcconfig */;
			buildSettings = {
				ASSETCATALOG_COMPILER_APPICON_NAME = AppIcon;
				CLANG_ENABLE_MODULES = YES;
				CODE_SIGN_STYLE = Automatic;
				DEVELOPMENT_TEAM = 2AN56XY8NA;
				INFOPLIST_FILE = Forum/Info.plist;
				LD_RUNPATH_SEARCH_PATHS = "$(inherited) @executable_path/Frameworks";
				PRODUCT_BUNDLE_IDENTIFIER = pepic.ervin.Forum;
				PRODUCT_NAME = "$(TARGET_NAME)";
				SWIFT_OBJC_BRIDGING_HEADER = "Forum/Supporting Files/Forum-Bridging-Header.h";
				SWIFT_OPTIMIZATION_LEVEL = "-Onone";
				SWIFT_VERSION = 4.0;
				TARGETED_DEVICE_FAMILY = "1,2";
			};
			name = Debug;
		};
		89BB44651FCC25FE00247C92 /* Release */ = {
			isa = XCBuildConfiguration;
			baseConfigurationReference = 5568CAFEAE0B0E40729B2432 /* Pods-Forum.release.xcconfig */;
			buildSettings = {
				ASSETCATALOG_COMPILER_APPICON_NAME = AppIcon;
				CLANG_ENABLE_MODULES = YES;
				CODE_SIGN_STYLE = Automatic;
				DEVELOPMENT_TEAM = 2AN56XY8NA;
				INFOPLIST_FILE = Forum/Info.plist;
				LD_RUNPATH_SEARCH_PATHS = "$(inherited) @executable_path/Frameworks";
				PRODUCT_BUNDLE_IDENTIFIER = pepic.ervin.Forum;
				PRODUCT_NAME = "$(TARGET_NAME)";
				SWIFT_OBJC_BRIDGING_HEADER = "Forum/Supporting Files/Forum-Bridging-Header.h";
				SWIFT_VERSION = 4.0;
				TARGETED_DEVICE_FAMILY = "1,2";
			};
			name = Release;
		};
/* End XCBuildConfiguration section */

/* Begin XCConfigurationList section */
		89BB444C1FCC25FE00247C92 /* Build configuration list for PBXProject "Forum" */ = {
			isa = XCConfigurationList;
			buildConfigurations = (
				89BB44611FCC25FE00247C92 /* Debug */,
				89BB44621FCC25FE00247C92 /* Release */,
			);
			defaultConfigurationIsVisible = 0;
			defaultConfigurationName = Release;
		};
		89BB44631FCC25FE00247C92 /* Build configuration list for PBXNativeTarget "Forum" */ = {
			isa = XCConfigurationList;
			buildConfigurations = (
				89BB44641FCC25FE00247C92 /* Debug */,
				89BB44651FCC25FE00247C92 /* Release */,
			);
			defaultConfigurationIsVisible = 0;
			defaultConfigurationName = Release;
		};
/* End XCConfigurationList section */
	};
	rootObject = 89BB44491FCC25FE00247C92 /* Project object */;
}
